
Microsoft Visual Studio Solution File, Format Version 12.00
# Visual Studio Version 16
VisualStudioVersion = 16.0.30711.63
MinimumVisualStudioVersion = 10.0.40219.1
Project("{FAE04EC0-301F-11D3-BF4B-00C04F79EFBC}") = "DevCardProject", "DevCardProject\DevCardProject.csproj", "{4D809726-F405-45C0-9A86-0F53F50C5392}"
EndProject
Project("{FAE04EC0-301F-11D3-BF4B-00C04F79EFBC}") = "DevCard_MVC", "DevCard_MVC\DevCard_MVC.csproj", "{9C89B59F-7EC0-4C63-9F96-3E875885642B}"
EndProject
Global
	GlobalSection(SolutionConfigurationPlatforms) = preSolution
		Debug|Any CPU = Debug|Any CPU
		Debug|ARM = Debug|ARM
		Debug|ARM64 = Debug|ARM64
		Debug|x64 = Debug|x64
		Debug|x86 = Debug|x86
		Release|Any CPU = Release|Any CPU
		Release|ARM = Release|ARM
		Release|ARM64 = Release|ARM64
		Release|x64 = Release|x64
		Release|x86 = Release|x86
	EndGlobalSection
	GlobalSection(ProjectConfigurationPlatforms) = postSolution
		{4D809726-F405-45C0-9A86-0F53F50C5392}.Debug|Any CPU.ActiveCfg = Debug|x86
		{4D809726-F405-45C0-9A86-0F53F50C5392}.Debug|ARM.ActiveCfg = Debug|ARM
		{4D809726-F405-45C0-9A86-0F53F50C5392}.Debug|ARM.Build.0 = Debug|ARM
		{4D809726-F405-45C0-9A86-0F53F50C5392}.Debug|ARM.Deploy.0 = Debug|ARM
		{4D809726-F405-45C0-9A86-0F53F50C5392}.Debug|ARM64.ActiveCfg = Debug|ARM64
		{4D809726-F405-45C0-9A86-0F53F50C5392}.Debug|ARM64.Build.0 = Debug|ARM64
		{4D809726-F405-45C0-9A86-0F53F50C5392}.Debug|ARM64.Deploy.0 = Debug|ARM64
		{4D809726-F405-45C0-9A86-0F53F50C5392}.Debug|x64.ActiveCfg = Debug|x64
		{4D809726-F405-45C0-9A86-0F53F50C5392}.Debug|x64.Build.0 = Debug|x64
		{4D809726-F405-45C0-9A86-0F53F50C5392}.Debug|x64.Deploy.0 = Debug|x64
		{4D809726-F405-45C0-9A86-0F53F50C5392}.Debug|x86.ActiveCfg = Debug|x86
		{4D809726-F405-45C0-9A86-0F53F50C5392}.Debug|x86.Build.0 = Debug|x86
		{4D809726-F405-45C0-9A86-0F53F50C5392}.Debug|x86.Deploy.0 = Debug|x86
		{4D809726-F405-45C0-9A86-0F53F50C5392}.Release|Any CPU.ActiveCfg = Release|x86
		{4D809726-F405-45C0-9A86-0F53F50C5392}.Release|ARM.ActiveCfg = Release|ARM
		{4D809726-F405-45C0-9A86-0F53F50C5392}.Release|ARM.Build.0 = Release|ARM
		{4D809726-F405-45C0-9A86-0F53F50C5392}.Release|ARM.Deploy.0 = Release|ARM
		{4D809726-F405-45C0-9A86-0F53F50C5392}.Release|ARM64.ActiveCfg = Release|ARM64
		{4D809726-F405-45C0-9A86-0F53F50C5392}.Release|ARM64.Build.0 = Release|ARM64
		{4D809726-F405-45C0-9A86-0F53F50C5392}.Release|ARM64.Deploy.0 = Release|ARM64
		{4D809726-F405-45C0-9A86-0F53F50C5392}.Release|x64.ActiveCfg = Release|x64
		{4D809726-F405-45C0-9A86-0F53F50C5392}.Release|x64.Build.0 = Release|x64
		{4D809726-F405-45C0-9A86-0F53F50C5392}.Release|x64.Deploy.0 = Release|x64
		{4D809726-F405-45C0-9A86-0F53F50C5392}.Release|x86.ActiveCfg = Release|x86
		{4D809726-F405-45C0-9A86-0F53F50C5392}.Release|x86.Build.0 = Release|x86
		{4D809726-F405-45C0-9A86-0F53F50C5392}.Release|x86.Deploy.0 = Release|x86
		{9C89B59F-7EC0-4C63-9F96-3E875885642B}.Debug|Any CPU.ActiveCfg = Debug|Any CPU
		{9C89B59F-7EC0-4C63-9F96-3E875885642B}.Debug|Any CPU.Build.0 = Debug|Any CPU
		{9C89B59F-7EC0-4C63-9F96-3E875885642B}.Debug|ARM.ActiveCfg = Debug|Any CPU
		{9C89B59F-7EC0-4C63-9F96-3E875885642B}.Debug|ARM.Build.0 = Debug|Any CPU
		{9C89B59F-7EC0-4C63-9F96-3E875885642B}.Debug|ARM64.ActiveCfg = Debug|Any CPU
		{9C89B59F-7EC0-4C63-9F96-3E875885642B}.Debug|ARM64.Build.0 = Debug|Any CPU
		{9C89B59F-7EC0-4C63-9F96-3E875885642B}.Debug|x64.ActiveCfg = Debug|Any CPU
		{9C89B59F-7EC0-4C63-9F96-3E875885642B}.Debug|x64.Build.0 = Debug|Any CPU
		{9C89B59F-7EC0-4C63-9F96-3E875885642B}.Debug|x86.ActiveCfg = Debug|Any CPU
		{9C89B59F-7EC0-4C63-9F96-3E875885642B}.Debug|x86.Build.0 = Debug|Any CPU
		{9C89B59F-7EC0-4C63-9F96-3E875885642B}.Release|Any CPU.ActiveCfg = Release|Any CPU
		{9C89B59F-7EC0-4C63-9F96-3E875885642B}.Release|Any CPU.Build.0 = Release|Any CPU
		{9C89B59F-7EC0-4C63-9F96-3E875885642B}.Release|ARM.ActiveCfg = Release|Any CPU
		{9C89B59F-7EC0-4C63-9F96-3E875885642B}.Release|ARM.Build.0 = Release|Any CPU
		{9C89B59F-7EC0-4C63-9F96-3E875885642B}.Release|ARM64.ActiveCfg = Release|Any CPU
		{9C89B59F-7EC0-4C63-9F96-3E875885642B}.Release|ARM64.Build.0 = Release|Any CPU
		{9C89B59F-7EC0-4C63-9F96-3E875885642B}.Release|x64.ActiveCfg = Release|Any CPU
		{9C89B59F-7EC0-4C63-9F96-3E875885642B}.Release|x64.Build.0 = Release|Any CPU
		{9C89B59F-7EC0-4C63-9F96-3E875885642B}.Release|x86.ActiveCfg = Release|Any CPU
		{9C89B59F-7EC0-4C63-9F96-3E875885642B}.Release|x86.Build.0 = Release|Any CPU
	EndGlobalSection
	GlobalSection(SolutionProperties) = preSolution
		HideSolutionNode = FALSE
	EndGlobalSection
	GlobalSection(ExtensibilityGlobals) = postSolution
		SolutionGuid = {020685AC-6770-4711-9F61-8000B506DA00}
	EndGlobalSection
EndGlobal
